# THIS IS AN AUTOGENERATED FILE. DO NOT EDIT THIS FILE DIRECTLY.
# yarn lockfile v1


chrome-types@^0.1.231:
  version "0.1.231"
  resolved "https://registry.yarnpkg.com/chrome-types/-/chrome-types-0.1.231.tgz#be8730c7c43e1e2d2e27691ea4a664b440b35e5d"
  integrity sha512-h3bavs+tROAeGE2pLJckJNQzFU5HN2yYEKEG+2byq1+MWrycBYxklCl6gRaI3Jjeyn1DzTTrFToOvdRCQfc/kg==
